// !$*UTF8*$!
{
	archiveVersion = 1;
	classes = {
	};
	objectVersion = 48;
	objects = {

/* Begin PBXBuildFile section */
		8497686E2047FC3500F0BA6B /* GemDataGrid.h in Headers */ = {isa = PBXBuildFile; fileRef = 8497686C2047FC3500F0BA6B /* GemDataGrid.h */; settings = {ATTRIBUTES = (Public, ); }; };
		849768862047FC7300F0BA6B /* CollectionViewDelegate.swift in Sources */ = {isa = PBXBuildFile; fileRef = 849768742047FC7200F0BA6B /* CollectionViewDelegate.swift */; };
		849768872047FC7300F0BA6B /* DataGridView.swift in Sources */ = {isa = PBXBuildFile; fileRef = 849768752047FC7200F0BA6B /* DataGridView.swift */; };
		849768882047FC7300F0BA6B /* DataGridViewLayout.swift in Sources */ = {isa = PBXBuildFile; fileRef = 849768762047FC7200F0BA6B /* DataGridViewLayout.swift */; };
		849768892047FC7300F0BA6B /* BorderHelper.swift in Sources */ = {isa = PBXBuildFile; fileRef = 849768782047FC7200F0BA6B /* BorderHelper.swift */; };
		8497688A2047FC7300F0BA6B /* IndexPath+DataGrid.swift in Sources */ = {isa = PBXBuildFile; fileRef = 849768792047FC7200F0BA6B /* IndexPath+DataGrid.swift */; };
		8497688B2047FC7300F0BA6B /* UILabel+AppearanceSelectors.h in Headers */ = {isa = PBXBuildFile; fileRef = 8497687A2047FC7200F0BA6B /* UILabel+AppearanceSelectors.h */; };
		8497688C2047FC7300F0BA6B /* UILabel+AppearanceSelectors.m in Sources */ = {isa = PBXBuildFile; fileRef = 8497687B2047FC7200F0BA6B /* UILabel+AppearanceSelectors.m */; };
		8497688D2047FC7300F0BA6B /* UIView+Appearance_Swift.h in Headers */ = {isa = PBXBuildFile; fileRef = 8497687C2047FC7200F0BA6B /* UIView+Appearance_Swift.h */; };
		8497688E2047FC7300F0BA6B /* UIView+Appearance_Swift.m in Sources */ = {isa = PBXBuildFile; fileRef = 8497687D2047FC7200F0BA6B /* UIView+Appearance_Swift.m */; };
		8497688F2047FC7300F0BA6B /* DataGridViewBaseCell.swift in Sources */ = {isa = PBXBuildFile; fileRef = 8497687F2047FC7300F0BA6B /* DataGridViewBaseCell.swift */; };
		849768902047FC7300F0BA6B /* DataGridViewBaseHeaderCell.swift in Sources */ = {isa = PBXBuildFile; fileRef = 849768802047FC7300F0BA6B /* DataGridViewBaseHeaderCell.swift */; };
		849768912047FC7300F0BA6B /* DataGridViewColumnHeaderCell.swift in Sources */ = {isa = PBXBuildFile; fileRef = 849768812047FC7300F0BA6B /* DataGridViewColumnHeaderCell.swift */; };
		849768922047FC7300F0BA6B /* DataGridViewContentCell.swift in Sources */ = {isa = PBXBuildFile; fileRef = 849768822047FC7300F0BA6B /* DataGridViewContentCell.swift */; };
		849768932047FC7300F0BA6B /* DataGridViewCornerHeaderCell.swift in Sources */ = {isa = PBXBuildFile; fileRef = 849768832047FC7300F0BA6B /* DataGridViewCornerHeaderCell.swift */; };
		849768942047FC7300F0BA6B /* DataGridViewRowHeaderCell.swift in Sources */ = {isa = PBXBuildFile; fileRef = 849768842047FC7300F0BA6B /* DataGridViewRowHeaderCell.swift */; };
		849768952047FC7300F0BA6B /* CollectionViewDataSource.swift in Sources */ = {isa = PBXBuildFile; fileRef = 849768852047FC7300F0BA6B /* CollectionViewDataSource.swift */; };
		849768BF2048086E00F0BA6B /* testFile.swift in Sources */ = {isa = PBXBuildFile; fileRef = 849768BE2048086E00F0BA6B /* testFile.swift */; };
/* End PBXBuildFile section */

/* Begin PBXFileReference section */
		849768692047FC3500F0BA6B /* GemDataGrid.framework */ = {isa = PBXFileReference; explicitFileType = wrapper.framework; includeInIndex = 0; path = GemDataGrid.framework; sourceTree = BUILT_PRODUCTS_DIR; };
		8497686C2047FC3500F0BA6B /* GemDataGrid.h */ = {isa = PBXFileReference; lastKnownFileType = sourcecode.c.h; path = GemDataGrid.h; sourceTree = "<group>"; };
		8497686D2047FC3500F0BA6B /* Info.plist */ = {isa = PBXFileReference; lastKnownFileType = text.plist.xml; path = Info.plist; sourceTree = "<group>"; };
		849768742047FC7200F0BA6B /* CollectionViewDelegate.swift */ = {isa = PBXFileReference; fileEncoding = 4; lastKnownFileType = sourcecode.swift; path = CollectionViewDelegate.swift; sourceTree = "<group>"; };
		849768752047FC7200F0BA6B /* DataGridView.swift */ = {isa = PBXFileReference; fileEncoding = 4; lastKnownFileType = sourcecode.swift; path = DataGridView.swift; sourceTree = "<group>"; };
		849768762047FC7200F0BA6B /* DataGridViewLayout.swift */ = {isa = PBXFileReference; fileEncoding = 4; lastKnownFileType = sourcecode.swift; path = DataGridViewLayout.swift; sourceTree = "<group>"; };
		849768782047FC7200F0BA6B /* BorderHelper.swift */ = {isa = PBXFileReference; fileEncoding = 4; lastKnownFileType = sourcecode.swift; path = BorderHelper.swift; sourceTree = "<group>"; };
		849768792047FC7200F0BA6B /* IndexPath+DataGrid.swift */ = {isa = PBXFileReference; fileEncoding = 4; lastKnownFileType = sourcecode.swift; path = "IndexPath+DataGrid.swift"; sourceTree = "<group>"; };
		8497687A2047FC7200F0BA6B /* UILabel+AppearanceSelectors.h */ = {isa = PBXFileReference; fileEncoding = 4; lastKnownFileType = sourcecode.c.h; path = "UILabel+AppearanceSelectors.h"; sourceTree = "<group>"; };
		8497687B2047FC7200F0BA6B /* UILabel+AppearanceSelectors.m */ = {isa = PBXFileReference; fileEncoding = 4; lastKnownFileType = sourcecode.c.objc; path = "UILabel+AppearanceSelectors.m"; sourceTree = "<group>"; };
		8497687C2047FC7200F0BA6B /* UIView+Appearance_Swift.h */ = {isa = PBXFileReference; fileEncoding = 4; lastKnownFileType = sourcecode.c.h; path = "UIView+Appearance_Swift.h"; sourceTree = "<group>"; };
		8497687D2047FC7200F0BA6B /* UIView+Appearance_Swift.m */ = {isa = PBXFileReference; fileEncoding = 4; lastKnownFileType = sourcecode.c.objc; path = "UIView+Appearance_Swift.m"; sourceTree = "<group>"; };
		8497687F2047FC7300F0BA6B /* DataGridViewBaseCell.swift */ = {isa = PBXFileReference; fileEncoding = 4; lastKnownFileType = sourcecode.swift; path = DataGridViewBaseCell.swift; sourceTree = "<group>"; };
		849768802047FC7300F0BA6B /* DataGridViewBaseHeaderCell.swift */ = {isa = PBXFileReference; fileEncoding = 4; lastKnownFileType = sourcecode.swift; path = DataGridViewBaseHeaderCell.swift; sourceTree = "<group>"; };
		849768812047FC7300F0BA6B /* DataGridViewColumnHeaderCell.swift */ = {isa = PBXFileReference; fileEncoding = 4; lastKnownFileType = sourcecode.swift; path = DataGridViewColumnHeaderCell.swift; sourceTree = "<group>"; };
		849768822047FC7300F0BA6B /* DataGridViewContentCell.swift */ = {isa = PBXFileReference; fileEncoding = 4; lastKnownFileType = sourcecode.swift; path = DataGridViewContentCell.swift; sourceTree = "<group>"; };
		849768832047FC7300F0BA6B /* DataGridViewCornerHeaderCell.swift */ = {isa = PBXFileReference; fileEncoding = 4; lastKnownFileType = sourcecode.swift; path = DataGridViewCornerHeaderCell.swift; sourceTree = "<group>"; };
		849768842047FC7300F0BA6B /* DataGridViewRowHeaderCell.swift */ = {isa = PBXFileReference; fileEncoding = 4; lastKnownFileType = sourcecode.swift; path = DataGridViewRowHeaderCell.swift; sourceTree = "<group>"; };
		849768852047FC7300F0BA6B /* CollectionViewDataSource.swift */ = {isa = PBXFileReference; fileEncoding = 4; lastKnownFileType = sourcecode.swift; path = CollectionViewDataSource.swift; sourceTree = "<group>"; };
		849768BE2048086E00F0BA6B /* testFile.swift */ = {isa = PBXFileReference; lastKnownFileType = sourcecode.swift; path = testFile.swift; sourceTree = "<group>"; };
/* End PBXFileReference section */

/* Begin PBXFrameworksBuildPhase section */
		849768652047FC3500F0BA6B /* Frameworks */ = {
			isa = PBXFrameworksBuildPhase;
			buildActionMask = 2147483647;
			files = (
			);
			runOnlyForDeploymentPostprocessing = 0;
		};
/* End PBXFrameworksBuildPhase section */

/* Begin PBXGroup section */
		8497685F2047FC3500F0BA6B = {
			isa = PBXGroup;
			children = (
				8497686B2047FC3500F0BA6B /* GemDataGrid */,
				8497686A2047FC3500F0BA6B /* Products */,
			);
			sourceTree = "<group>";
		};
		8497686A2047FC3500F0BA6B /* Products */ = {
			isa = PBXGroup;
			children = (
				849768692047FC3500F0BA6B /* GemDataGrid.framework */,
			);
			name = Products;
			sourceTree = "<group>";
		};
		8497686B2047FC3500F0BA6B /* GemDataGrid */ = {
			isa = PBXGroup;
			children = (
				8497687E2047FC7300F0BA6B /* Cells */,
				849768852047FC7300F0BA6B /* CollectionViewDataSource.swift */,
				849768742047FC7200F0BA6B /* CollectionViewDelegate.swift */,
				849768752047FC7200F0BA6B /* DataGridView.swift */,
				849768762047FC7200F0BA6B /* DataGridViewLayout.swift */,
				849768BE2048086E00F0BA6B /* testFile.swift */,
				849768772047FC7200F0BA6B /* Utility */,
				8497686C2047FC3500F0BA6B /* GemDataGrid.h */,
				8497686D2047FC3500F0BA6B /* Info.plist */,
			);
			path = GemDataGrid;
			sourceTree = "<group>";
		};
		849768772047FC7200F0BA6B /* Utility */ = {
			isa = PBXGroup;
			children = (
				849768782047FC7200F0BA6B /* BorderHelper.swift */,
				849768792047FC7200F0BA6B /* IndexPath+DataGrid.swift */,
				8497687A2047FC7200F0BA6B /* UILabel+AppearanceSelectors.h */,
				8497687B2047FC7200F0BA6B /* UILabel+AppearanceSelectors.m */,
				8497687C2047FC7200F0BA6B /* UIView+Appearance_Swift.h */,
				8497687D2047FC7200F0BA6B /* UIView+Appearance_Swift.m */,
			);
			path = Utility;
			sourceTree = "<group>";
		};
		8497687E2047FC7300F0BA6B /* Cells */ = {
			isa = PBXGroup;
			children = (
				8497687F2047FC7300F0BA6B /* DataGridViewBaseCell.swift */,
				849768802047FC7300F0BA6B /* DataGridViewBaseHeaderCell.swift */,
				849768812047FC7300F0BA6B /* DataGridViewColumnHeaderCell.swift */,
				849768822047FC7300F0BA6B /* DataGridViewContentCell.swift */,
				849768832047FC7300F0BA6B /* DataGridViewCornerHeaderCell.swift */,
				849768842047FC7300F0BA6B /* DataGridViewRowHeaderCell.swift */,
			);
			path = Cells;
			sourceTree = "<group>";
		};
/* End PBXGroup section */

/* Begin PBXHeadersBuildPhase section */
		849768662047FC3500F0BA6B /* Headers */ = {
			isa = PBXHeadersBuildPhase;
			buildActionMask = 2147483647;
			files = (
				8497688B2047FC7300F0BA6B /* UILabel+AppearanceSelectors.h in Headers */,
				8497688D2047FC7300F0BA6B /* UIView+Appearance_Swift.h in Headers */,
				8497686E2047FC3500F0BA6B /* GemDataGrid.h in Headers */,
			);
			runOnlyForDeploymentPostprocessing = 0;
		};
/* End PBXHeadersBuildPhase section */

/* Begin PBXNativeTarget section */
		849768682047FC3500F0BA6B /* GemDataGrid */ = {
			isa = PBXNativeTarget;
			buildConfigurationList = 849768712047FC3500F0BA6B /* Build configuration list for PBXNativeTarget "GemDataGrid" */;
			buildPhases = (
				849768642047FC3500F0BA6B /* Sources */,
				849768652047FC3500F0BA6B /* Frameworks */,
				849768662047FC3500F0BA6B /* Headers */,
				849768672047FC3500F0BA6B /* Resources */,
			);
			buildRules = (
			);
			dependencies = (
			);
			name = GemDataGrid;
			productName = GemDataGrid;
			productReference = 849768692047FC3500F0BA6B /* GemDataGrid.framework */;
			productType = "com.apple.product-type.framework";
		};
/* End PBXNativeTarget section */

/* Begin PBXProject section */
		849768602047FC3500F0BA6B /* Project object */ = {
			isa = PBXProject;
			attributes = {
				LastUpgradeCheck = 0900;
				ORGANIZATIONNAME = AnhNguyenTu;
				TargetAttributes = {
					849768682047FC3500F0BA6B = {
						CreatedOnToolsVersion = 9.0;
						LastSwiftMigration = 0900;
						ProvisioningStyle = Automatic;
					};
				};
			};
			buildConfigurationList = 849768632047FC3500F0BA6B /* Build configuration list for PBXProject "GemDataGrid" */;
			compatibilityVersion = "Xcode 8.0";
			developmentRegion = en;
			hasScannedForEncodings = 0;
			knownRegions = (
				en,
			);
			mainGroup = 8497685F2047FC3500F0BA6B;
			productRefGroup = 8497686A2047FC3500F0BA6B /* Products */;
			projectDirPath = "";
			projectRoot = "";
			targets = (
				849768682047FC3500F0BA6B /* GemDataGrid */,
			);
		};
/* End PBXProject section */

/* Begin PBXResourcesBuildPhase section */
		849768672047FC3500F0BA6B /* Resources */ = {
			isa = PBXResourcesBuildPhase;
			buildActionMask = 2147483647;
			files = (
			);
			runOnlyForDeploymentPostprocessing = 0;
		};
/* End PBXResourcesBuildPhase section */

/* Begin PBXSourcesBuildPhase section */
		849768642047FC3500F0BA6B /* Sources */ = {
			isa = PBXSourcesBuildPhase;
			buildActionMask = 2147483647;
			files = (
				849768872047FC7300F0BA6B /* DataGridView.swift in Sources */,
				849768922047FC7300F0BA6B /* DataGridViewContentCell.swift in Sources */,
				849768882047FC7300F0BA6B /* DataGridViewLayout.swift in Sources */,
				849768942047FC7300F0BA6B /* DataGridViewRowHeaderCell.swift in Sources */,
				849768862047FC7300F0BA6B /* CollectionViewDelegate.swift in Sources */,
				849768912047FC7300F0BA6B /* DataGridViewColumnHeaderCell.swift in Sources */,
				8497688F2047FC7300F0BA6B /* DataGridViewBaseCell.swift in Sources */,
				849768932047FC7300F0BA6B /* DataGridViewCornerHeaderCell.swift in Sources */,
				849768BF2048086E00F0BA6B /* testFile.swift in Sources */,
				8497688A2047FC7300F0BA6B /* IndexPath+DataGrid.swift in Sources */,
				849768892047FC7300F0BA6B /* BorderHelper.swift in Sources */,
				8497688C2047FC7300F0BA6B /* UILabel+AppearanceSelectors.m in Sources */,
				849768902047FC7300F0BA6B /* DataGridViewBaseHeaderCell.swift in Sources */,
				8497688E2047FC7300F0BA6B /* UIView+Appearance_Swift.m in Sources */,
				849768952047FC7300F0BA6B /* CollectionViewDataSource.swift in Sources */,
			);
			runOnlyForDeploymentPostprocessing = 0;
		};
/* End PBXSourcesBuildPhase section */

/* Begin XCBuildConfiguration section */
		8497686F2047FC3500F0BA6B /* Debug */ = {
			isa = XCBuildConfiguration;
			buildSettings = {
				ALWAYS_SEARCH_USER_PATHS = NO;
				CLANG_ANALYZER_NONNULL = YES;
				CLANG_ANALYZER_NUMBER_OBJECT_CONVERSION = YES_AGGRESSIVE;
				CLANG_CXX_LANGUAGE_STANDARD = "gnu++14";
				CLANG_CXX_LIBRARY = "libc++";
				CLANG_ENABLE_MODULES = YES;
				CLANG_ENABLE_OBJC_ARC = YES;
				CLANG_WARN_BLOCK_CAPTURE_AUTORELEASING = YES;
				CLANG_WARN_BOOL_CONVERSION = YES;
				CLANG_WARN_COMMA = YES;
				CLANG_WARN_CONSTANT_CONVERSION = YES;
				CLANG_WARN_DIRECT_OBJC_ISA_USAGE = YES_ERROR;
				CLANG_WARN_DOCUMENTATION_COMMENTS = YES;
				CLANG_WARN_EMPTY_BODY = YES;
				CLANG_WARN_ENUM_CONVERSION = YES;
				CLANG_WARN_INFINITE_RECURSION = YES;
				CLANG_WARN_INT_CONVERSION = YES;
				CLANG_WARN_NON_LITERAL_NULL_CONVERSION = YES;
				CLANG_WARN_OBJC_LITERAL_CONVERSION = YES;
				CLANG_WARN_OBJC_ROOT_CLASS = YES_ERROR;
				CLANG_WARN_RANGE_LOOP_ANALYSIS = YES;
				CLANG_WARN_STRICT_PROTOTYPES = YES;
				CLANG_WARN_SUSPICIOUS_MOVE = YES;
				CLANG_WARN_UNGUARDED_AVAILABILITY = YES_AGGRESSIVE;
				CLANG_WARN_UNREACHABLE_CODE = YES;
				CLANG_WARN__DUPLICATE_METHOD_MATCH = YES;
				CODE_SIGN_IDENTITY = "iPhone Developer";
				COPY_PHASE_STRIP = NO;
				CURRENT_PROJECT_VERSION = 1;
				DEBUG_INFORMATION_FORMAT = dwarf;
				ENABLE_STRICT_OBJC_MSGSEND = YES;
				ENABLE_TESTABILITY = YES;
				GCC_C_LANGUAGE_STANDARD = gnu11;
				GCC_DYNAMIC_NO_PIC = NO;
				GCC_NO_COMMON_BLOCKS = YES;
				GCC_OPTIMIZATION_LEVEL = 0;
				GCC_PREPROCESSOR_DEFINITIONS = (
					"DEBUG=1",
					"$(inherited)",
				);
				GCC_WARN_64_TO_32_BIT_CONVERSION = YES;
				GCC_WARN_ABOUT_RETURN_TYPE = YES_ERROR;
				GCC_WARN_UNDECLARED_SELECTOR = YES;
				GCC_WARN_UNINITIALIZED_AUTOS = YES_AGGRESSIVE;
				GCC_WARN_UNUSED_FUNCTION = YES;
				GCC_WARN_UNUSED_VARIABLE = YES;
				IPHONEOS_DEPLOYMENT_TARGET = 8.0;
				MTL_ENABLE_DEBUG_INFO = YES;
				ONLY_ACTIVE_ARCH = YES;
				SDKROOT = iphoneos;
				SWIFT_ACTIVE_COMPILATION_CONDITIONS = DEBUG;
				SWIFT_OPTIMIZATION_LEVEL = "-Onone";
				VERSIONING_SYSTEM = "apple-generic";
				VERSION_INFO_PREFIX = "";
			};
			name = Debug;
		};
		849768702047FC3500F0BA6B /* Release */ = {
			isa = XCBuildConfiguration;
			buildSettings = {
				ALWAYS_SEARCH_USER_PATHS = NO;
				CLANG_ANALYZER_NONNULL = YES;
				CLANG_ANALYZER_NUMBER_OBJECT_CONVERSION = YES_AGGRESSIVE;
				CLANG_CXX_LANGUAGE_STANDARD = "gnu++14";
				CLANG_CXX_LIBRARY = "libc++";
				CLANG_ENABLE_MODULES = YES;
				CLANG_ENABLE_OBJC_ARC = YES;
				CLANG_WARN_BLOCK_CAPTURE_AUTORELEASING = YES;
				CLANG_WARN_BOOL_CONVERSION = YES;
				CLANG_WARN_COMMA = YES;
				CLANG_WARN_CONSTANT_CONVERSION = YES;
				CLANG_WARN_DIRECT_OBJC_ISA_USAGE = YES_ERROR;
				CLANG_WARN_DOCUMENTATION_COMMENTS = YES;
				CLANG_WARN_EMPTY_BODY = YES;
				CLANG_WARN_ENUM_CONVERSION = YES;
				CLANG_WARN_INFINITE_RECURSION = YES;
				CLANG_WARN_INT_CONVERSION = YES;
				CLANG_WARN_NON_LITERAL_NULL_CONVERSION = YES;
				CLANG_WARN_OBJC_LITERAL_CONVERSION = YES;
				CLANG_WARN_OBJC_ROOT_CLASS = YES_ERROR;
				CLANG_WARN_RANGE_LOOP_ANALYSIS = YES;
				CLANG_WARN_STRICT_PROTOTYPES = YES;
				CLANG_WARN_SUSPICIOUS_MOVE = YES;
				CLANG_WARN_UNGUARDED_AVAILABILITY = YES_AGGRESSIVE;
				CLANG_WARN_UNREACHABLE_CODE = YES;
				CLANG_WARN__DUPLICATE_METHOD_MATCH = YES;
				CODE_SIGN_IDENTITY = "iPhone Developer";
				COPY_PHASE_STRIP = NO;
				CURRENT_PROJECT_VERSION = 1;
				DEBUG_INFORMATION_FORMAT = "dwarf-with-dsym";
				ENABLE_NS_ASSERTIONS = NO;
				ENABLE_STRICT_OBJC_MSGSEND = YES;
				GCC_C_LANGUAGE_STANDARD = gnu11;
				GCC_NO_COMMON_BLOCKS = YES;
				GCC_WARN_64_TO_32_BIT_CONVERSION = YES;
				GCC_WARN_ABOUT_RETURN_TYPE = YES_ERROR;
				GCC_WARN_UNDECLARED_SELECTOR = YES;
				GCC_WARN_UNINITIALIZED_AUTOS = YES_AGGRESSIVE;
				GCC_WARN_UNUSED_FUNCTION = YES;
				GCC_WARN_UNUSED_VARIABLE = YES;
				IPHONEOS_DEPLOYMENT_TARGET = 8.0;
				MTL_ENABLE_DEBUG_INFO = NO;
				SDKROOT = iphoneos;
				SWIFT_OPTIMIZATION_LEVEL = "-Owholemodule";
				VALIDATE_PRODUCT = YES;
				VERSIONING_SYSTEM = "apple-generic";
				VERSION_INFO_PREFIX = "";
			};
			name = Release;
		};
		849768722047FC3500F0BA6B /* Debug */ = {
			isa = XCBuildConfiguration;
			buildSettings = {
				CLANG_ENABLE_MODULES = YES;
				CODE_SIGN_IDENTITY = "";
				CODE_SIGN_STYLE = Automatic;
				DEFINES_MODULE = YES;
				DEVELOPMENT_TEAM = 24JVC4P86T;
				DYLIB_COMPATIBILITY_VERSION = 1;
				DYLIB_CURRENT_VERSION = 1;
				DYLIB_INSTALL_NAME_BASE = "@rpath";
				INFOPLIST_FILE = GemDataGrid/Info.plist;
				INSTALL_PATH = "$(LOCAL_LIBRARY_DIR)/Frameworks";
				LD_RUNPATH_SEARCH_PATHS = "$(inherited) @executable_path/Frameworks @loader_path/Frameworks";
				ONLY_ACTIVE_ARCH = YES;
				PRODUCT_BUNDLE_IDENTIFIER = com.gemvietnam.GemDataGrid;
				PRODUCT_NAME = "$(TARGET_NAME:c99extidentifier)";
				SKIP_INSTALL = YES;
				SWIFT_OBJC_BRIDGING_HEADER = "";
				SWIFT_OPTIMIZATION_LEVEL = "-Onone";
				SWIFT_VERSION = 3.0;
				TARGETED_DEVICE_FAMILY = "1,2";
			};
			name = Debug;
		};
		849768732047FC3500F0BA6B /* Release */ = {
			isa = XCBuildConfiguration;
			buildSettings = {
				CLANG_ENABLE_MODULES = YES;
				CODE_SIGN_IDENTITY = "";
				CODE_SIGN_STYLE = Automatic;
				DEFINES_MODULE = YES;
				DEVELOPMENT_TEAM = 24JVC4P86T;
				DYLIB_COMPATIBILITY_VERSION = 1;
				DYLIB_CURRENT_VERSION = 1;
				DYLIB_INSTALL_NAME_BASE = "@rpath";
				INFOPLIST_FILE = GemDataGrid/Info.plist;
				INSTALL_PATH = "$(LOCAL_LIBRARY_DIR)/Frameworks";
				LD_RUNPATH_SEARCH_PATHS = "$(inherited) @executable_path/Frameworks @loader_path/Frameworks";
				ONLY_ACTIVE_ARCH = NO;
				PRODUCT_BUNDLE_IDENTIFIER = com.gemvietnam.GemDataGrid;
				PRODUCT_NAME = "$(TARGET_NAME:c99extidentifier)";
				SKIP_INSTALL = YES;
				SWIFT_OBJC_BRIDGING_HEADER = "";
				SWIFT_VERSION = 3.0;
				TARGETED_DEVICE_FAMILY = "1,2";
			};
			name = Release;
		};
/* End XCBuildConfiguration section */

/* Begin XCConfigurationList section */
		849768632047FC3500F0BA6B /* Build configuration list for PBXProject "GemDataGrid" */ = {
			isa = XCConfigurationList;
			buildConfigurations = (
				8497686F2047FC3500F0BA6B /* Debug */,
				849768702047FC3500F0BA6B /* Release */,
			);
			defaultConfigurationIsVisible = 0;
			defaultConfigurationName = Release;
		};
		849768712047FC3500F0BA6B /* Build configuration list for PBXNativeTarget "GemDataGrid" */ = {
			isa = XCConfigurationList;
			buildConfigurations = (
				849768722047FC3500F0BA6B /* Debug */,
				849768732047FC3500F0BA6B /* Release */,
			);
			defaultConfigurationIsVisible = 0;
			defaultConfigurationName = Release;
		};
/* End XCConfigurationList section */
	};
	rootObject = 849768602047FC3500F0BA6B /* Project object */;
}
